
Microsoft Visual Studio Solution File, Format Version 12.00
# Visual Studio Version 16
VisualStudioVersion = 16.0.29613.14
MinimumVisualStudioVersion = 10.0.40219.1
Project("{9A19103F-16F7-4668-BE54-9A1E7A4F7556}") = "OMC.Libs", "OMC.Libs\OMC.Libs.csproj", "{6AAFD57B-A7D6-4AF0-8A4F-175906F379F2}"
EndProject
Global
	GlobalSection(SolutionConfigurationPlatforms) = preSolution
		Debug|Any CPU = Debug|Any CPU
		Release|Any CPU = Release|Any CPU
	EndGlobalSection
	GlobalSection(ProjectConfigurationPlatforms) = postSolution
		{6AAFD57B-A7D6-4AF0-8A4F-175906F379F2}.Debug|Any CPU.ActiveCfg = Debug|Any CPU
		{6AAFD57B-A7D6-4AF0-8A4F-175906F379F2}.Debug|Any CPU.Build.0 = Debug|Any CPU
		{6AAFD57B-A7D6-4AF0-8A4F-175906F379F2}.Release|Any CPU.ActiveCfg = Release|Any CPU
		{6AAFD57B-A7D6-4AF0-8A4F-175906F379F2}.Release|Any CPU.Build.0 = Release|Any CPU
	EndGlobalSection
	GlobalSection(SolutionProperties) = preSolution
		HideSolutionNode = FALSE
	EndGlobalSection
	GlobalSection(ExtensibilityGlobals) = postSolution
		SolutionGuid = {5C5D9D86-6A7E-4E67-A036-EF3AD526D6E7}
	EndGlobalSection
EndGlobal
